
Microsoft Visual Studio Solution File, Format Version 12.00
# Visual Studio Version 17
VisualStudioVersion = 17.2.32630.192
MinimumVisualStudioVersion = 10.0.40219.1
Project("{9A19103F-16F7-4668-BE54-9A1E7A4F7556}") = "downloadViewerWorker.Code", "downloadViewerWorker.Code\downloadViewerWorker.Code.csproj", "{BCF27052-56D1-4EE3-9AFA-D587D0BD29C9}"
EndProject
Global
	GlobalSection(SolutionConfigurationPlatforms) = preSolution
		Debug|Any CPU = Debug|Any CPU
		Release|Any CPU = Release|Any CPU
	EndGlobalSection
	GlobalSection(ProjectConfigurationPlatforms) = postSolution
		{BCF27052-56D1-4EE3-9AFA-D587D0BD29C9}.Debug|Any CPU.ActiveCfg = Debug|Any CPU
		{BCF27052-56D1-4EE3-9AFA-D587D0BD29C9}.Debug|Any CPU.Build.0 = Debug|Any CPU
		{BCF27052-56D1-4EE3-9AFA-D587D0BD29C9}.Release|Any CPU.ActiveCfg = Release|Any CPU
		{BCF27052-56D1-4EE3-9AFA-D587D0BD29C9}.Release|Any CPU.Build.0 = Release|Any CPU
	EndGlobalSection
	GlobalSection(SolutionProperties) = preSolution
		HideSolutionNode = FALSE
	EndGlobalSection
	GlobalSection(ExtensibilityGlobals) = postSolution
		SolutionGuid = {E3233393-3432-4557-B0E7-7B9E85DDFC23}
	EndGlobalSection
EndGlobal
